
Microsoft Visual Studio Solution File, Format Version 12.00
# Visual Studio 15
VisualStudioVersion = 15.0.26020.0
MinimumVisualStudioVersion = 10.0.40219.1
Project("{FAE04EC0-301F-11D3-BF4B-00C04F79EFBC}") = "Bogosoft.Maybe", "Bogosoft.Maybe\Bogosoft.Maybe.csproj", "{F825321B-88EB-475D-9EDC-266BFE61BE80}"
EndProject
Project("{FAE04EC0-301F-11D3-BF4B-00C04F79EFBC}") = "Bogosoft.Maybe.Tests", "Bogosoft.Maybe.Tests\Bogosoft.Maybe.Tests.csproj", "{C5EC2527-DD3B-4BB7-AA4E-B82AF34078B0}"
EndProject
Global
	GlobalSection(SolutionConfigurationPlatforms) = preSolution
		Debug|Any CPU = Debug|Any CPU
		Release|Any CPU = Release|Any CPU
	EndGlobalSection
	GlobalSection(ProjectConfigurationPlatforms) = postSolution
		{F825321B-88EB-475D-9EDC-266BFE61BE80}.Debug|Any CPU.ActiveCfg = Debug|Any CPU
		{F825321B-88EB-475D-9EDC-266BFE61BE80}.Debug|Any CPU.Build.0 = Debug|Any CPU
		{F825321B-88EB-475D-9EDC-266BFE61BE80}.Release|Any CPU.ActiveCfg = Release|Any CPU
		{F825321B-88EB-475D-9EDC-266BFE61BE80}.Release|Any CPU.Build.0 = Release|Any CPU
		{C5EC2527-DD3B-4BB7-AA4E-B82AF34078B0}.Debug|Any CPU.ActiveCfg = Debug|Any CPU
		{C5EC2527-DD3B-4BB7-AA4E-B82AF34078B0}.Debug|Any CPU.Build.0 = Debug|Any CPU
		{C5EC2527-DD3B-4BB7-AA4E-B82AF34078B0}.Release|Any CPU.ActiveCfg = Release|Any CPU
		{C5EC2527-DD3B-4BB7-AA4E-B82AF34078B0}.Release|Any CPU.Build.0 = Release|Any CPU
	EndGlobalSection
	GlobalSection(SolutionProperties) = preSolution
		HideSolutionNode = FALSE
	EndGlobalSection
EndGlobal
